
Microsoft Visual Studio Solution File, Format Version 12.00
# Visual Studio Version 16
VisualStudioVersion = 16.0.30907.101
MinimumVisualStudioVersion = 10.0.40219.1
Project("{FAE04EC0-301F-11D3-BF4B-00C04F79EFBC}") = "WinFormsCefTest", "WinFormsCefTest\WinFormsCefTest.csproj", "{F0318EBA-84AA-499D-B738-DB1518978A4E}"
EndProject
Global
	GlobalSection(SolutionConfigurationPlatforms) = preSolution
		Debug|Any CPU = Debug|Any CPU
		Release|Any CPU = Release|Any CPU
	EndGlobalSection
	GlobalSection(ProjectConfigurationPlatforms) = postSolution
		{F0318EBA-84AA-499D-B738-DB1518978A4E}.Debug|Any CPU.ActiveCfg = Debug|Any CPU
		{F0318EBA-84AA-499D-B738-DB1518978A4E}.Debug|Any CPU.Build.0 = Debug|Any CPU
		{F0318EBA-84AA-499D-B738-DB1518978A4E}.Release|Any CPU.ActiveCfg = Release|Any CPU
		{F0318EBA-84AA-499D-B738-DB1518978A4E}.Release|Any CPU.Build.0 = Release|Any CPU
	EndGlobalSection
	GlobalSection(SolutionProperties) = preSolution
		HideSolutionNode = FALSE
	EndGlobalSection
	GlobalSection(ExtensibilityGlobals) = postSolution
		SolutionGuid = {4B1D5F05-0DA6-4D0C-B127-856C2F170E85}
	EndGlobalSection
EndGlobal
